
Microsoft Visual Studio Solution File, Format Version 12.00
# Visual Studio Version 17
VisualStudioVersion = 17.10.35122.118
MinimumVisualStudioVersion = 10.0.40219.1
Project("{FAE04EC0-301F-11D3-BF4B-00C04F79EFBC}") = "KufarDataInsights", "KufarDataInsights\KufarDataInsights.csproj", "{8EED9C56-112D-43B0-BAF4-AD91E8E8254A}"
EndProject
Project("{FAE04EC0-301F-11D3-BF4B-00C04F79EFBC}") = "TestProject1", "TestProject1\TestProject1.csproj", "{29BDCB0B-EFDC-4FAA-9B26-33BB2A36C791}"
EndProject
Project("{FAE04EC0-301F-11D3-BF4B-00C04F79EFBC}") = "KufarApartmentFinder", "KufarApartmentFinder\KufarApartmentFinder.csproj", "{51F729EE-5403-46A4-B63A-458B2C6A4A89}"
EndProject
Global
	GlobalSection(SolutionConfigurationPlatforms) = preSolution
		Debug|Any CPU = Debug|Any CPU
		Release|Any CPU = Release|Any CPU
	EndGlobalSection
	GlobalSection(ProjectConfigurationPlatforms) = postSolution
		{8EED9C56-112D-43B0-BAF4-AD91E8E8254A}.Debug|Any CPU.ActiveCfg = Debug|Any CPU
		{8EED9C56-112D-43B0-BAF4-AD91E8E8254A}.Debug|Any CPU.Build.0 = Debug|Any CPU
		{8EED9C56-112D-43B0-BAF4-AD91E8E8254A}.Release|Any CPU.ActiveCfg = Release|Any CPU
		{8EED9C56-112D-43B0-BAF4-AD91E8E8254A}.Release|Any CPU.Build.0 = Release|Any CPU
		{29BDCB0B-EFDC-4FAA-9B26-33BB2A36C791}.Debug|Any CPU.ActiveCfg = Debug|Any CPU
		{29BDCB0B-EFDC-4FAA-9B26-33BB2A36C791}.Debug|Any CPU.Build.0 = Debug|Any CPU
		{29BDCB0B-EFDC-4FAA-9B26-33BB2A36C791}.Release|Any CPU.ActiveCfg = Release|Any CPU
		{29BDCB0B-EFDC-4FAA-9B26-33BB2A36C791}.Release|Any CPU.Build.0 = Release|Any CPU
		{51F729EE-5403-46A4-B63A-458B2C6A4A89}.Debug|Any CPU.ActiveCfg = Debug|Any CPU
		{51F729EE-5403-46A4-B63A-458B2C6A4A89}.Debug|Any CPU.Build.0 = Debug|Any CPU
		{51F729EE-5403-46A4-B63A-458B2C6A4A89}.Release|Any CPU.ActiveCfg = Release|Any CPU
		{51F729EE-5403-46A4-B63A-458B2C6A4A89}.Release|Any CPU.Build.0 = Release|Any CPU
	EndGlobalSection
	GlobalSection(SolutionProperties) = preSolution
		HideSolutionNode = FALSE
	EndGlobalSection
	GlobalSection(ExtensibilityGlobals) = postSolution
		SolutionGuid = {396EDF18-2D2F-4A8E-96E6-262141F8D29D}
	EndGlobalSection
EndGlobal
